// !$*UTF8*$!
{
	archiveVersion = 1;
	classes = {
	};
	objectVersion = 56;
	objects = {

/* Begin PBXBuildFile section */
		C82FA65D2AA00FE9002CF3E3 /* DataController.swift in Sources */ = {isa = PBXBuildFile; fileRef = C82FA65C2AA00FE9002CF3E3 /* DataController.swift */; };
		C82FA6602AA0102E002CF3E3 /* Palace.xcdatamodeld in Sources */ = {isa = PBXBuildFile; fileRef = C82FA65E2AA0102E002CF3E3 /* Palace.xcdatamodeld */; };
		C82FA6632AA01089002CF3E3 /* PiRecord+CoreDataClass.swift in Sources */ = {isa = PBXBuildFile; fileRef = C82FA6612AA01089002CF3E3 /* PiRecord+CoreDataClass.swift */; };
		C82FA6642AA01089002CF3E3 /* PiRecord+CoreDataProperties.swift in Sources */ = {isa = PBXBuildFile; fileRef = C82FA6622AA01089002CF3E3 /* PiRecord+CoreDataProperties.swift */; };
		C8663BE32A9D37E60005F1F0 /* PiPalaceView.swift in Sources */ = {isa = PBXBuildFile; fileRef = C8663BE22A9D37E60005F1F0 /* PiPalaceView.swift */; };
		C8663BE52A9D38020005F1F0 /* NavigationTabBar.swift in Sources */ = {isa = PBXBuildFile; fileRef = C8663BE42A9D38020005F1F0 /* NavigationTabBar.swift */; };
		C8663BE72A9D38380005F1F0 /* SettingsView.swift in Sources */ = {isa = PBXBuildFile; fileRef = C8663BE62A9D38380005F1F0 /* SettingsView.swift */; };
		C8663BE92A9D384A0005F1F0 /* ScoreboardView.swift in Sources */ = {isa = PBXBuildFile; fileRef = C8663BE82A9D384A0005F1F0 /* ScoreboardView.swift */; };
		C898504A2AAE102800E15B6E /* Constant.swift in Sources */ = {isa = PBXBuildFile; fileRef = C89850492AAE102800E15B6E /* Constant.swift */; };
		C8B67CA42A794217005E77CC /* PalaceApp.swift in Sources */ = {isa = PBXBuildFile; fileRef = C8B67CA32A794217005E77CC /* PalaceApp.swift */; };
		C8B67CA62A794217005E77CC /* ContentView.swift in Sources */ = {isa = PBXBuildFile; fileRef = C8B67CA52A794217005E77CC /* ContentView.swift */; };
		C8B67CAA2A79421A005E77CC /* Assets.xcassets in Resources */ = {isa = PBXBuildFile; fileRef = C8B67CA92A79421A005E77CC /* Assets.xcassets */; };
		C8B67CAE2A79421A005E77CC /* Preview Assets.xcassets in Resources */ = {isa = PBXBuildFile; fileRef = C8B67CAD2A79421A005E77CC /* Preview Assets.xcassets */; };
/* End PBXBuildFile section */

/* Begin PBXFileReference section */
		C82FA65C2AA00FE9002CF3E3 /* DataController.swift */ = {isa = PBXFileReference; lastKnownFileType = sourcecode.swift; path = DataController.swift; sourceTree = "<group>"; };
		C82FA65F2AA0102E002CF3E3 /* Palace.xcdatamodel */ = {isa = PBXFileReference; lastKnownFileType = wrapper.xcdatamodel; path = Palace.xcdatamodel; sourceTree = "<group>"; };
		C82FA6612AA01089002CF3E3 /* PiRecord+CoreDataClass.swift */ = {isa = PBXFileReference; lastKnownFileType = sourcecode.swift; path = "PiRecord+CoreDataClass.swift"; sourceTree = "<group>"; };
		C82FA6622AA01089002CF3E3 /* PiRecord+CoreDataProperties.swift */ = {isa = PBXFileReference; lastKnownFileType = sourcecode.swift; path = "PiRecord+CoreDataProperties.swift"; sourceTree = "<group>"; };
		C82FA6652AA018C4002CF3E3 /* Info.plist */ = {isa = PBXFileReference; lastKnownFileType = text.plist; path = Info.plist; sourceTree = "<group>"; };
		C8663BE22A9D37E60005F1F0 /* PiPalaceView.swift */ = {isa = PBXFileReference; lastKnownFileType = sourcecode.swift; path = PiPalaceView.swift; sourceTree = "<group>"; };
		C8663BE42A9D38020005F1F0 /* NavigationTabBar.swift */ = {isa = PBXFileReference; lastKnownFileType = sourcecode.swift; path = NavigationTabBar.swift; sourceTree = "<group>"; };
		C8663BE62A9D38380005F1F0 /* SettingsView.swift */ = {isa = PBXFileReference; lastKnownFileType = sourcecode.swift; path = SettingsView.swift; sourceTree = "<group>"; };
		C8663BE82A9D384A0005F1F0 /* ScoreboardView.swift */ = {isa = PBXFileReference; lastKnownFileType = sourcecode.swift; path = ScoreboardView.swift; sourceTree = "<group>"; };
		C89850492AAE102800E15B6E /* Constant.swift */ = {isa = PBXFileReference; lastKnownFileType = sourcecode.swift; path = Constant.swift; sourceTree = "<group>"; };
		C8B67CA02A794217005E77CC /* Palace.app */ = {isa = PBXFileReference; explicitFileType = wrapper.application; includeInIndex = 0; path = Palace.app; sourceTree = BUILT_PRODUCTS_DIR; };
		C8B67CA32A794217005E77CC /* PalaceApp.swift */ = {isa = PBXFileReference; lastKnownFileType = sourcecode.swift; path = PalaceApp.swift; sourceTree = "<group>"; };
		C8B67CA52A794217005E77CC /* ContentView.swift */ = {isa = PBXFileReference; lastKnownFileType = sourcecode.swift; path = ContentView.swift; sourceTree = "<group>"; };
		C8B67CA92A79421A005E77CC /* Assets.xcassets */ = {isa = PBXFileReference; lastKnownFileType = folder.assetcatalog; path = Assets.xcassets; sourceTree = "<group>"; };
		C8B67CAB2A79421A005E77CC /* Palace.entitlements */ = {isa = PBXFileReference; lastKnownFileType = text.plist.entitlements; path = Palace.entitlements; sourceTree = "<group>"; };
		C8B67CAD2A79421A005E77CC /* Preview Assets.xcassets */ = {isa = PBXFileReference; lastKnownFileType = folder.assetcatalog; path = "Preview Assets.xcassets"; sourceTree = "<group>"; };
/* End PBXFileReference section */

/* Begin PBXFrameworksBuildPhase section */
		C8B67C9D2A794217005E77CC /* Frameworks */ = {
			isa = PBXFrameworksBuildPhase;
			buildActionMask = 2147483647;
			files = (
			);
			runOnlyForDeploymentPostprocessing = 0;
		};
/* End PBXFrameworksBuildPhase section */

/* Begin PBXGroup section */
		C82FA65B2AA00FD4002CF3E3 /* CoreData */ = {
			isa = PBXGroup;
			children = (
				C82FA6612AA01089002CF3E3 /* PiRecord+CoreDataClass.swift */,
				C82FA6622AA01089002CF3E3 /* PiRecord+CoreDataProperties.swift */,
				C82FA65C2AA00FE9002CF3E3 /* DataController.swift */,
			);
			path = CoreData;
			sourceTree = "<group>";
		};
		C8663BDE2A9D37960005F1F0 /* View */ = {
			isa = PBXGroup;
			children = (
				C8663BE22A9D37E60005F1F0 /* PiPalaceView.swift */,
				C8663BE62A9D38380005F1F0 /* SettingsView.swift */,
				C8663BE82A9D384A0005F1F0 /* ScoreboardView.swift */,
			);
			path = View;
			sourceTree = "<group>";
		};
		C8663BDF2A9D37990005F1F0 /* Model */ = {
			isa = PBXGroup;
			children = (
				C8663BE42A9D38020005F1F0 /* NavigationTabBar.swift */,
				C89850492AAE102800E15B6E /* Constant.swift */,
			);
			path = Model;
			sourceTree = "<group>";
		};
		C8B67C972A794217005E77CC = {
			isa = PBXGroup;
			children = (
				C8B67CA22A794217005E77CC /* Palace */,
				C8B67CA12A794217005E77CC /* Products */,
			);
			sourceTree = "<group>";
		};
		C8B67CA12A794217005E77CC /* Products */ = {
			isa = PBXGroup;
			children = (
				C8B67CA02A794217005E77CC /* Palace.app */,
			);
			name = Products;
			sourceTree = "<group>";
		};
		C8B67CA22A794217005E77CC /* Palace */ = {
			isa = PBXGroup;
			children = (
				C82FA6652AA018C4002CF3E3 /* Info.plist */,
				C82FA65B2AA00FD4002CF3E3 /* CoreData */,
				C8663BDF2A9D37990005F1F0 /* Model */,
				C8663BDE2A9D37960005F1F0 /* View */,
				C8B67CA32A794217005E77CC /* PalaceApp.swift */,
				C8B67CA52A794217005E77CC /* ContentView.swift */,
				C8B67CA92A79421A005E77CC /* Assets.xcassets */,
				C8B67CAB2A79421A005E77CC /* Palace.entitlements */,
				C8B67CAC2A79421A005E77CC /* Preview Content */,
				C82FA65E2AA0102E002CF3E3 /* Palace.xcdatamodeld */,
			);
			path = Palace;
			sourceTree = "<group>";
		};
		C8B67CAC2A79421A005E77CC /* Preview Content */ = {
			isa = PBXGroup;
			children = (
				C8B67CAD2A79421A005E77CC /* Preview Assets.xcassets */,
			);
			path = "Preview Content";
			sourceTree = "<group>";
		};
/* End PBXGroup section */

/* Begin PBXNativeTarget section */
		C8B67C9F2A794217005E77CC /* Palace */ = {
			isa = PBXNativeTarget;
			buildConfigurationList = C8B67CB12A79421A005E77CC /* Build configuration list for PBXNativeTarget "Palace" */;
			buildPhases = (
				C8B67C9C2A794217005E77CC /* Sources */,
				C8B67C9D2A794217005E77CC /* Frameworks */,
				C8B67C9E2A794217005E77CC /* Resources */,
			);
			buildRules = (
			);
			dependencies = (
			);
			name = Palace;
			productName = Palace;
			productReference = C8B67CA02A794217005E77CC /* Palace.app */;
			productType = "com.apple.product-type.application";
		};
/* End PBXNativeTarget section */

/* Begin PBXProject section */
		C8B67C982A794217005E77CC /* Project object */ = {
			isa = PBXProject;
			attributes = {
				BuildIndependentTargetsInParallel = 1;
				LastSwiftUpdateCheck = 1500;
				LastUpgradeCheck = 1500;
				TargetAttributes = {
					C8B67C9F2A794217005E77CC = {
						CreatedOnToolsVersion = 15.0;
					};
				};
			};
			buildConfigurationList = C8B67C9B2A794217005E77CC /* Build configuration list for PBXProject "Palace" */;
			compatibilityVersion = "Xcode 14.0";
			developmentRegion = en;
			hasScannedForEncodings = 0;
			knownRegions = (
				en,
				Base,
			);
			mainGroup = C8B67C972A794217005E77CC;
			productRefGroup = C8B67CA12A794217005E77CC /* Products */;
			projectDirPath = "";
			projectRoot = "";
			targets = (
				C8B67C9F2A794217005E77CC /* Palace */,
			);
		};
/* End PBXProject section */

/* Begin PBXResourcesBuildPhase section */
		C8B67C9E2A794217005E77CC /* Resources */ = {
			isa = PBXResourcesBuildPhase;
			buildActionMask = 2147483647;
			files = (
				C8B67CAE2A79421A005E77CC /* Preview Assets.xcassets in Resources */,
				C8B67CAA2A79421A005E77CC /* Assets.xcassets in Resources */,
			);
			runOnlyForDeploymentPostprocessing = 0;
		};
/* End PBXResourcesBuildPhase section */

/* Begin PBXSourcesBuildPhase section */
		C8B67C9C2A794217005E77CC /* Sources */ = {
			isa = PBXSourcesBuildPhase;
			buildActionMask = 2147483647;
			files = (
				C82FA6632AA01089002CF3E3 /* PiRecord+CoreDataClass.swift in Sources */,
				C8B67CA62A794217005E77CC /* ContentView.swift in Sources */,
				C8B67CA42A794217005E77CC /* PalaceApp.swift in Sources */,
				C82FA6602AA0102E002CF3E3 /* Palace.xcdatamodeld in Sources */,
				C8663BE72A9D38380005F1F0 /* SettingsView.swift in Sources */,
				C8663BE92A9D384A0005F1F0 /* ScoreboardView.swift in Sources */,
				C82FA65D2AA00FE9002CF3E3 /* DataController.swift in Sources */,
				C8663BE32A9D37E60005F1F0 /* PiPalaceView.swift in Sources */,
				C898504A2AAE102800E15B6E /* Constant.swift in Sources */,
				C82FA6642AA01089002CF3E3 /* PiRecord+CoreDataProperties.swift in Sources */,
				C8663BE52A9D38020005F1F0 /* NavigationTabBar.swift in Sources */,
			);
			runOnlyForDeploymentPostprocessing = 0;
		};
/* End PBXSourcesBuildPhase section */

/* Begin XCBuildConfiguration section */
		C8B67CAF2A79421A005E77CC /* Debug */ = {
			isa = XCBuildConfiguration;
			buildSettings = {
				ALWAYS_SEARCH_USER_PATHS = NO;
				ASSETCATALOG_COMPILER_GENERATE_SWIFT_ASSET_SYMBOL_EXTENSIONS = YES;
				CLANG_ANALYZER_NONNULL = YES;
				CLANG_ANALYZER_NUMBER_OBJECT_CONVERSION = YES_AGGRESSIVE;
				CLANG_CXX_LANGUAGE_STANDARD = "gnu++20";
				CLANG_ENABLE_MODULES = YES;
				CLANG_ENABLE_OBJC_ARC = YES;
				CLANG_ENABLE_OBJC_WEAK = YES;
				CLANG_WARN_BLOCK_CAPTURE_AUTORELEASING = YES;
				CLANG_WARN_BOOL_CONVERSION = YES;
				CLANG_WARN_COMMA = YES;
				CLANG_WARN_CONSTANT_CONVERSION = YES;
				CLANG_WARN_DEPRECATED_OBJC_IMPLEMENTATIONS = YES;
				CLANG_WARN_DIRECT_OBJC_ISA_USAGE = YES_ERROR;
				CLANG_WARN_DOCUMENTATION_COMMENTS = YES;
				CLANG_WARN_EMPTY_BODY = YES;
				CLANG_WARN_ENUM_CONVERSION = YES;
				CLANG_WARN_INFINITE_RECURSION = YES;
				CLANG_WARN_INT_CONVERSION = YES;
				CLANG_WARN_NON_LITERAL_NULL_CONVERSION = YES;
				CLANG_WARN_OBJC_IMPLICIT_RETAIN_SELF = YES;
				CLANG_WARN_OBJC_LITERAL_CONVERSION = YES;
				CLANG_WARN_OBJC_ROOT_CLASS = YES_ERROR;
				CLANG_WARN_QUOTED_INCLUDE_IN_FRAMEWORK_HEADER = YES;
				CLANG_WARN_RANGE_LOOP_ANALYSIS = YES;
				CLANG_WARN_STRICT_PROTOTYPES = YES;
				CLANG_WARN_SUSPICIOUS_MOVE = YES;
				CLANG_WARN_UNGUARDED_AVAILABILITY = YES_AGGRESSIVE;
				CLANG_WARN_UNREACHABLE_CODE = YES;
				CLANG_WARN__DUPLICATE_METHOD_MATCH = YES;
				COPY_PHASE_STRIP = NO;
				DEBUG_INFORMATION_FORMAT = dwarf;
				ENABLE_STRICT_OBJC_MSGSEND = YES;
				ENABLE_TESTABILITY = YES;
				ENABLE_USER_SCRIPT_SANDBOXING = YES;
				GCC_C_LANGUAGE_STANDARD = gnu17;
				GCC_DYNAMIC_NO_PIC = NO;
				GCC_NO_COMMON_BLOCKS = YES;
				GCC_OPTIMIZATION_LEVEL = 0;
				GCC_PREPROCESSOR_DEFINITIONS = (
					"DEBUG=1",
					"$(inherited)",
				);
				GCC_WARN_64_TO_32_BIT_CONVERSION = YES;
				GCC_WARN_ABOUT_RETURN_TYPE = YES_ERROR;
				GCC_WARN_UNDECLARED_SELECTOR = YES;
				GCC_WARN_UNINITIALIZED_AUTOS = YES_AGGRESSIVE;
				GCC_WARN_UNUSED_FUNCTION = YES;
				GCC_WARN_UNUSED_VARIABLE = YES;
				LOCALIZATION_PREFERS_STRING_CATALOGS = YES;
				MTL_ENABLE_DEBUG_INFO = INCLUDE_SOURCE;
				MTL_FAST_MATH = YES;
				ONLY_ACTIVE_ARCH = YES;
				SWIFT_ACTIVE_COMPILATION_CONDITIONS = "DEBUG $(inherited)";
				SWIFT_OPTIMIZATION_LEVEL = "-Onone";
			};
			name = Debug;
		};
		C8B67CB02A79421A005E77CC /* Release */ = {
			isa = XCBuildConfiguration;
			buildSettings = {
				ALWAYS_SEARCH_USER_PATHS = NO;
				ASSETCATALOG_COMPILER_GENERATE_SWIFT_ASSET_SYMBOL_EXTENSIONS = YES;
				CLANG_ANALYZER_NONNULL = YES;
				CLANG_ANALYZER_NUMBER_OBJECT_CONVERSION = YES_AGGRESSIVE;
				CLANG_CXX_LANGUAGE_STANDARD = "gnu++20";
				CLANG_ENABLE_MODULES = YES;
				CLANG_ENABLE_OBJC_ARC = YES;
				CLANG_ENABLE_OBJC_WEAK = YES;
				CLANG_WARN_BLOCK_CAPTURE_AUTORELEASING = YES;
				CLANG_WARN_BOOL_CONVERSION = YES;
				CLANG_WARN_COMMA = YES;
				CLANG_WARN_CONSTANT_CONVERSION = YES;
				CLANG_WARN_DEPRECATED_OBJC_IMPLEMENTATIONS = YES;
				CLANG_WARN_DIRECT_OBJC_ISA_USAGE = YES_ERROR;
				CLANG_WARN_DOCUMENTATION_COMMENTS = YES;
				CLANG_WARN_EMPTY_BODY = YES;
				CLANG_WARN_ENUM_CONVERSION = YES;
				CLANG_WARN_INFINITE_RECURSION = YES;
				CLANG_WARN_INT_CONVERSION = YES;
				CLANG_WARN_NON_LITERAL_NULL_CONVERSION = YES;
				CLANG_WARN_OBJC_IMPLICIT_RETAIN_SELF = YES;
				CLANG_WARN_OBJC_LITERAL_CONVERSION = YES;
				CLANG_WARN_OBJC_ROOT_CLASS = YES_ERROR;
				CLANG_WARN_QUOTED_INCLUDE_IN_FRAMEWORK_HEADER = YES;
				CLANG_WARN_RANGE_LOOP_ANALYSIS = YES;
				CLANG_WARN_STRICT_PROTOTYPES = YES;
				CLANG_WARN_SUSPICIOUS_MOVE = YES;
				CLANG_WARN_UNGUARDED_AVAILABILITY = YES_AGGRESSIVE;
				CLANG_WARN_UNREACHABLE_CODE = YES;
				CLANG_WARN__DUPLICATE_METHOD_MATCH = YES;
				COPY_PHASE_STRIP = NO;
				DEBUG_INFORMATION_FORMAT = "dwarf-with-dsym";
				ENABLE_NS_ASSERTIONS = NO;
				ENABLE_STRICT_OBJC_MSGSEND = YES;
				ENABLE_USER_SCRIPT_SANDBOXING = YES;
				GCC_C_LANGUAGE_STANDARD = gnu17;
				GCC_NO_COMMON_BLOCKS = YES;
				GCC_WARN_64_TO_32_BIT_CONVERSION = YES;
				GCC_WARN_ABOUT_RETURN_TYPE = YES_ERROR;
				GCC_WARN_UNDECLARED_SELECTOR = YES;
				GCC_WARN_UNINITIALIZED_AUTOS = YES_AGGRESSIVE;
				GCC_WARN_UNUSED_FUNCTION = YES;
				GCC_WARN_UNUSED_VARIABLE = YES;
				LOCALIZATION_PREFERS_STRING_CATALOGS = YES;
				MTL_ENABLE_DEBUG_INFO = NO;
				MTL_FAST_MATH = YES;
				SWIFT_COMPILATION_MODE = wholemodule;
			};
			name = Release;
		};
		C8B67CB22A79421A005E77CC /* Debug */ = {
			isa = XCBuildConfiguration;
			buildSettings = {
				ASSETCATALOG_COMPILER_APPICON_NAME = AppIcon;
				ASSETCATALOG_COMPILER_GLOBAL_ACCENT_COLOR_NAME = AccentColor;
				CODE_SIGN_ENTITLEMENTS = Palace/Palace.entitlements;
				CODE_SIGN_STYLE = Automatic;
				CURRENT_PROJECT_VERSION = 1;
				DEVELOPMENT_ASSET_PATHS = "\"Palace/Preview Content\"";
				DEVELOPMENT_TEAM = 7AGNJTPT6V;
				ENABLE_HARDENED_RUNTIME = YES;
				ENABLE_PREVIEWS = YES;
				GENERATE_INFOPLIST_FILE = YES;
				INFOPLIST_FILE = Palace/Info.plist;
				INFOPLIST_KEY_CFBundleDisplayName = Palace;
				INFOPLIST_KEY_LSApplicationCategoryType = "public.app-category.puzzle-games";
				"INFOPLIST_KEY_UIApplicationSceneManifest_Generation[sdk=iphoneos*]" = YES;
				"INFOPLIST_KEY_UIApplicationSceneManifest_Generation[sdk=iphonesimulator*]" = YES;
				"INFOPLIST_KEY_UIApplicationSupportsIndirectInputEvents[sdk=iphoneos*]" = YES;
				"INFOPLIST_KEY_UIApplicationSupportsIndirectInputEvents[sdk=iphonesimulator*]" = YES;
				"INFOPLIST_KEY_UILaunchScreen_Generation[sdk=iphoneos*]" = YES;
				"INFOPLIST_KEY_UILaunchScreen_Generation[sdk=iphonesimulator*]" = YES;
				"INFOPLIST_KEY_UIStatusBarStyle[sdk=iphoneos*]" = UIStatusBarStyleDefault;
				"INFOPLIST_KEY_UIStatusBarStyle[sdk=iphonesimulator*]" = UIStatusBarStyleDefault;
				INFOPLIST_KEY_UISupportedInterfaceOrientations_iPad = "UIInterfaceOrientationPortrait UIInterfaceOrientationPortraitUpsideDown UIInterfaceOrientationLandscapeLeft UIInterfaceOrientationLandscapeRight";
				INFOPLIST_KEY_UISupportedInterfaceOrientations_iPhone = "UIInterfaceOrientationPortrait UIInterfaceOrientationLandscapeLeft UIInterfaceOrientationLandscapeRight";
				IPHONEOS_DEPLOYMENT_TARGET = 17.0;
				LD_RUNPATH_SEARCH_PATHS = "@executable_path/Frameworks";
				"LD_RUNPATH_SEARCH_PATHS[sdk=macosx*]" = "@executable_path/../Frameworks";
				MACOSX_DEPLOYMENT_TARGET = 14.0;
				MARKETING_VERSION = 1.0;
				PRODUCT_BUNDLE_IDENTIFIER = com.kubamilcarz.Palace;
				PRODUCT_NAME = "$(TARGET_NAME)";
				SDKROOT = auto;
				SUPPORTED_PLATFORMS = "iphoneos iphonesimulator macosx xros xrsimulator";
				SUPPORTS_MACCATALYST = NO;
				SWIFT_EMIT_LOC_STRINGS = YES;
				SWIFT_VERSION = 5.0;
				TARGETED_DEVICE_FAMILY = "1,2,7";
			};
			name = Debug;
		};
		C8B67CB32A79421A005E77CC /* Release */ = {
			isa = XCBuildConfiguration;
			buildSettings = {
				ASSETCATALOG_COMPILER_APPICON_NAME = AppIcon;
				ASSETCATALOG_COMPILER_GLOBAL_ACCENT_COLOR_NAME = AccentColor;
				CODE_SIGN_ENTITLEMENTS = Palace/Palace.entitlements;
				CODE_SIGN_STYLE = Automatic;
				CURRENT_PROJECT_VERSION = 1;
				DEVELOPMENT_ASSET_PATHS = "\"Palace/Preview Content\"";
				DEVELOPMENT_TEAM = 7AGNJTPT6V;
				ENABLE_HARDENED_RUNTIME = YES;
				ENABLE_PREVIEWS = YES;
				GENERATE_INFOPLIST_FILE = YES;
				INFOPLIST_FILE = Palace/Info.plist;
				INFOPLIST_KEY_CFBundleDisplayName = Palace;
				INFOPLIST_KEY_LSApplicationCategoryType = "public.app-category.puzzle-games";
				"INFOPLIST_KEY_UIApplicationSceneManifest_Generation[sdk=iphoneos*]" = YES;
				"INFOPLIST_KEY_UIApplicationSceneManifest_Generation[sdk=iphonesimulator*]" = YES;
				"INFOPLIST_KEY_UIApplicationSupportsIndirectInputEvents[sdk=iphoneos*]" = YES;
				"INFOPLIST_KEY_UIApplicationSupportsIndirectInputEvents[sdk=iphonesimulator*]" = YES;
				"INFOPLIST_KEY_UILaunchScreen_Generation[sdk=iphoneos*]" = YES;
				"INFOPLIST_KEY_UILaunchScreen_Generation[sdk=iphonesimulator*]" = YES;
				"INFOPLIST_KEY_UIStatusBarStyle[sdk=iphoneos*]" = UIStatusBarStyleDefault;
				"INFOPLIST_KEY_UIStatusBarStyle[sdk=iphonesimulator*]" = UIStatusBarStyleDefault;
				INFOPLIST_KEY_UISupportedInterfaceOrientations_iPad = "UIInterfaceOrientationPortrait UIInterfaceOrientationPortraitUpsideDown UIInterfaceOrientationLandscapeLeft UIInterfaceOrientationLandscapeRight";
				INFOPLIST_KEY_UISupportedInterfaceOrientations_iPhone = "UIInterfaceOrientationPortrait UIInterfaceOrientationLandscapeLeft UIInterfaceOrientationLandscapeRight";
				IPHONEOS_DEPLOYMENT_TARGET = 17.0;
				LD_RUNPATH_SEARCH_PATHS = "@executable_path/Frameworks";
				"LD_RUNPATH_SEARCH_PATHS[sdk=macosx*]" = "@executable_path/../Frameworks";
				MACOSX_DEPLOYMENT_TARGET = 14.0;
				MARKETING_VERSION = 1.0;
				PRODUCT_BUNDLE_IDENTIFIER = com.kubamilcarz.Palace;
				PRODUCT_NAME = "$(TARGET_NAME)";
				SDKROOT = auto;
				SUPPORTED_PLATFORMS = "iphoneos iphonesimulator macosx xros xrsimulator";
				SUPPORTS_MACCATALYST = NO;
				SWIFT_EMIT_LOC_STRINGS = YES;
				SWIFT_VERSION = 5.0;
				TARGETED_DEVICE_FAMILY = "1,2,7";
			};
			name = Release;
		};
/* End XCBuildConfiguration section */

/* Begin XCConfigurationList section */
		C8B67C9B2A794217005E77CC /* Build configuration list for PBXProject "Palace" */ = {
			isa = XCConfigurationList;
			buildConfigurations = (
				C8B67CAF2A79421A005E77CC /* Debug */,
				C8B67CB02A79421A005E77CC /* Release */,
			);
			defaultConfigurationIsVisible = 0;
			defaultConfigurationName = Release;
		};
		C8B67CB12A79421A005E77CC /* Build configuration list for PBXNativeTarget "Palace" */ = {
			isa = XCConfigurationList;
			buildConfigurations = (
				C8B67CB22A79421A005E77CC /* Debug */,
				C8B67CB32A79421A005E77CC /* Release */,
			);
			defaultConfigurationIsVisible = 0;
			defaultConfigurationName = Release;
		};
/* End XCConfigurationList section */

/* Begin XCVersionGroup section */
		C82FA65E2AA0102E002CF3E3 /* Palace.xcdatamodeld */ = {
			isa = XCVersionGroup;
			children = (
				C82FA65F2AA0102E002CF3E3 /* Palace.xcdatamodel */,
			);
			currentVersion = C82FA65F2AA0102E002CF3E3 /* Palace.xcdatamodel */;
			path = Palace.xcdatamodeld;
			sourceTree = "<group>";
			versionGroupType = wrapper.xcdatamodel;
		};
/* End XCVersionGroup section */
	};
	rootObject = C8B67C982A794217005E77CC /* Project object */;
}
